
Microsoft Visual Studio Solution File, Format Version 12.00
Project("{FAE04EC0-301F-11D3-BF4B-00C04F79EFBC}") = "hd.sample.velocity.web", "hd.sample.velocity.web\hd.sample.velocity.web.csproj", "{2364D472-4C69-4CB4-9B04-B153F9574F0F}"
EndProject
Project("{FAE04EC0-301F-11D3-BF4B-00C04F79EFBC}") = "hd.sample.velocity", "hd.sample.velocity\hd.sample.velocity.csproj", "{5A343439-E23B-438E-A46B-88C2036D2292}"
EndProject
Global
	GlobalSection(SolutionConfigurationPlatforms) = preSolution
		Debug|Any CPU = Debug|Any CPU
		Release|Any CPU = Release|Any CPU
	EndGlobalSection
	GlobalSection(ProjectConfigurationPlatforms) = postSolution
		{2364D472-4C69-4CB4-9B04-B153F9574F0F}.Debug|Any CPU.ActiveCfg = Debug|Any CPU
		{2364D472-4C69-4CB4-9B04-B153F9574F0F}.Debug|Any CPU.Build.0 = Debug|Any CPU
		{2364D472-4C69-4CB4-9B04-B153F9574F0F}.Release|Any CPU.ActiveCfg = Release|Any CPU
		{2364D472-4C69-4CB4-9B04-B153F9574F0F}.Release|Any CPU.Build.0 = Release|Any CPU
		{5A343439-E23B-438E-A46B-88C2036D2292}.Debug|Any CPU.ActiveCfg = Debug|Any CPU
		{5A343439-E23B-438E-A46B-88C2036D2292}.Debug|Any CPU.Build.0 = Debug|Any CPU
		{5A343439-E23B-438E-A46B-88C2036D2292}.Release|Any CPU.ActiveCfg = Release|Any CPU
		{5A343439-E23B-438E-A46B-88C2036D2292}.Release|Any CPU.Build.0 = Release|Any CPU
	EndGlobalSection
EndGlobal
